{
  "name": "workbox-navigation-preload",
  "version": "7.4.0",
  "lockfileVersion": 3,
  "requires": true,
  "packages": {
    "": {
      "name": "workbox-navigation-preload",
      "version": "7.4.0",
      "license": "MIT",
      "dependencies": {
        "workbox-core": "7.4.0"
      }
    },
    "node_modules/workbox-core": {
      "version": "7.4.0",
      "resolved": "https://registry.npmjs.org/workbox-core/-/workbox-core-7.4.0.tgz",
      "integrity": "sha512-6BMfd8tYEnN4baG4emG9U0hdXM4gGuDU3ectXuVHnj71vwxTFI7WOpQJC4siTOlVtGqCUtj0ZQNsrvi6kZZTAQ==",
      "license": "MIT"
    }
  }
}
